PODS:
  - FloatingLabelTextFieldSwiftUI (2.0.1)

DEPENDENCIES:
  - FloatingLabelTextFieldSwiftUI (from `../`)

EXTERNAL SOURCES:
  FloatingLabelTextFieldSwiftUI:
    :path: "../"

SPEC CHECKSUMS:
  FloatingLabelTextFieldSwiftUI: 26f32a498398a5584c5cb3c12c1051f9f0195677

PODFILE CHECKSUM: 1d492ab90cedd45c2169a52444eb492f5ae66dbf

COCOAPODS: 1.9.1
